
Microsoft Visual Studio Solution File, Format Version 12.00
# Visual Studio Version 16
VisualStudioVersion = 16.0.32002.261
MinimumVisualStudioVersion = 10.0.40219.1
Project("{9A19103F-16F7-4668-BE54-9A1E7A4F7556}") = "ProEventosAPI", "ProEventosAPI.csproj", "{73265520-9331-4E39-8043-177C06209C8A}"
EndProject
Project("{FAE04EC0-301F-11D3-BF4B-00C04F79EFBC}") = "ProEventos.Application", "..\ProEventos.Application\ProEventos.Application.csproj", "{FF82450D-DE83-4BB9-AF03-A2EACC58CEA8}"
EndProject
Project("{FAE04EC0-301F-11D3-BF4B-00C04F79EFBC}") = "ProEventos.Domain", "..\ProEventos.Domain\ProEventos.Domain.csproj", "{CD3C9F00-3F19-4257-A192-F7738EBBD3B5}"
EndProject
Project("{FAE04EC0-301F-11D3-BF4B-00C04F79EFBC}") = "ProEventos.Persistence", "..\ProEventos.Persistence\ProEventos.Persistence.csproj", "{93642E7D-40BE-444F-88AC-6D40A144B3E9}"
EndProject
Global
	GlobalSection(SolutionConfigurationPlatforms) = preSolution
		Debug|Any CPU = Debug|Any CPU
		Release|Any CPU = Release|Any CPU
	EndGlobalSection
	GlobalSection(ProjectConfigurationPlatforms) = postSolution
		{73265520-9331-4E39-8043-177C06209C8A}.Debug|Any CPU.ActiveCfg = Debug|Any CPU
		{73265520-9331-4E39-8043-177C06209C8A}.Debug|Any CPU.Build.0 = Debug|Any CPU
		{73265520-9331-4E39-8043-177C06209C8A}.Release|Any CPU.ActiveCfg = Release|Any CPU
		{73265520-9331-4E39-8043-177C06209C8A}.Release|Any CPU.Build.0 = Release|Any CPU
		{FF82450D-DE83-4BB9-AF03-A2EACC58CEA8}.Debug|Any CPU.ActiveCfg = Debug|Any CPU
		{FF82450D-DE83-4BB9-AF03-A2EACC58CEA8}.Debug|Any CPU.Build.0 = Debug|Any CPU
		{FF82450D-DE83-4BB9-AF03-A2EACC58CEA8}.Release|Any CPU.ActiveCfg = Release|Any CPU
		{FF82450D-DE83-4BB9-AF03-A2EACC58CEA8}.Release|Any CPU.Build.0 = Release|Any CPU
		{CD3C9F00-3F19-4257-A192-F7738EBBD3B5}.Debug|Any CPU.ActiveCfg = Debug|Any CPU
		{CD3C9F00-3F19-4257-A192-F7738EBBD3B5}.Debug|Any CPU.Build.0 = Debug|Any CPU
		{CD3C9F00-3F19-4257-A192-F7738EBBD3B5}.Release|Any CPU.ActiveCfg = Release|Any CPU
		{CD3C9F00-3F19-4257-A192-F7738EBBD3B5}.Release|Any CPU.Build.0 = Release|Any CPU
		{93642E7D-40BE-444F-88AC-6D40A144B3E9}.Debug|Any CPU.ActiveCfg = Debug|Any CPU
		{93642E7D-40BE-444F-88AC-6D40A144B3E9}.Debug|Any CPU.Build.0 = Debug|Any CPU
		{93642E7D-40BE-444F-88AC-6D40A144B3E9}.Release|Any CPU.ActiveCfg = Release|Any CPU
		{93642E7D-40BE-444F-88AC-6D40A144B3E9}.Release|Any CPU.Build.0 = Release|Any CPU
	EndGlobalSection
	GlobalSection(SolutionProperties) = preSolution
		HideSolutionNode = FALSE
	EndGlobalSection
	GlobalSection(ExtensibilityGlobals) = postSolution
		SolutionGuid = {EB865119-1C39-476E-AF1C-3ED52EB377E9}
	EndGlobalSection
EndGlobal
